Microsoft Visual Studio Solution File, Format Version 12.00
# Visual Studio Version 17
VisualStudioVersion = 17.5.2.0
MinimumVisualStudioVersion = 10.0.40219.1
Project("{FAE04EC0-301F-11D3-BF4B-00C04F79EFBC}") = "SapNcoFlightApi", "SapNcoFlightApi\SapNcoFlightApi.csproj", "{D23BDCD5-2D07-16E3-DD70-634DDE22DE1A}"
EndProject
Global
	GlobalSection(SolutionConfigurationPlatforms) = preSolution
		Debug|Any CPU = Debug|Any CPU
		Release|Any CPU = Release|Any CPU
	EndGlobalSection
	GlobalSection(ProjectConfigurationPlatforms) = postSolution
		{D23BDCD5-2D07-16E3-DD70-634DDE22DE1A}.Debug|Any CPU.ActiveCfg = Debug|Any CPU
		{D23BDCD5-2D07-16E3-DD70-634DDE22DE1A}.Debug|Any CPU.Build.0 = Debug|Any CPU
		{D23BDCD5-2D07-16E3-DD70-634DDE22DE1A}.Release|Any CPU.ActiveCfg = Release|Any CPU
		{D23BDCD5-2D07-16E3-DD70-634DDE22DE1A}.Release|Any CPU.Build.0 = Release|Any CPU
	EndGlobalSection
	GlobalSection(SolutionProperties) = preSolution
		HideSolutionNode = FALSE
	EndGlobalSection
	GlobalSection(ExtensibilityGlobals) = postSolution
		SolutionGuid = {36DA20F9-8787-4676-9152-FD83041FB87E}
	EndGlobalSection
EndGlobal
